
Microsoft Visual Studio Solution File, Format Version 12.00
# Visual Studio Version 16
VisualStudioVersion = 16.0.31105.61
MinimumVisualStudioVersion = 10.0.40219.1
Project("{9A19103F-16F7-4668-BE54-9A1E7A4F7556}") = "SocialMedia.Api", "SocialMedia.Api\SocialMedia.Api.csproj", "{55154A5C-39FC-4763-967A-E5EB3806B956}"
EndProject
Project("{9A19103F-16F7-4668-BE54-9A1E7A4F7556}") = "SocialMedia.Core", "SocialMedia.Core\SocialMedia.Core.csproj", "{48198DFC-7C4C-4EFB-A0FA-9EE48E87A4A8}"
EndProject
Project("{9A19103F-16F7-4668-BE54-9A1E7A4F7556}") = "SocialMedia.Infraestructure", "SocialMedia.Infraestructure\SocialMedia.Infraestructure.csproj", "{4F3BFF28-9DA4-45F2-BE39-9E2A5ED4A79F}"
EndProject
Project("{2150E333-8FDC-42A3-9474-1A3956D46DE8}") = "Test", "Test", "{8F922AA5-D309-42F9-9D4B-1309FF964769}"
EndProject
Project("{FAE04EC0-301F-11D3-BF4B-00C04F79EFBC}") = "SocialMedia.UnitTests", "SocialMedia.UnitTests\SocialMedia.UnitTests.csproj", "{8A8EFB8C-329F-424C-9C19-9525204F95FF}"
EndProject
Project("{FAE04EC0-301F-11D3-BF4B-00C04F79EFBC}") = "SocialMedia.IntegrationTests", "SocialMedia.IntegrationTests\SocialMedia.IntegrationTests.csproj", "{F1335808-5684-48BD-BCB2-EADAAAE55546}"
EndProject
Global
	GlobalSection(SolutionConfigurationPlatforms) = preSolution
		Debug|Any CPU = Debug|Any CPU
		Release|Any CPU = Release|Any CPU
	EndGlobalSection
	GlobalSection(ProjectConfigurationPlatforms) = postSolution
		{55154A5C-39FC-4763-967A-E5EB3806B956}.Debug|Any CPU.ActiveCfg = Debug|Any CPU
		{55154A5C-39FC-4763-967A-E5EB3806B956}.Debug|Any CPU.Build.0 = Debug|Any CPU
		{55154A5C-39FC-4763-967A-E5EB3806B956}.Release|Any CPU.ActiveCfg = Release|Any CPU
		{55154A5C-39FC-4763-967A-E5EB3806B956}.Release|Any CPU.Build.0 = Release|Any CPU
		{48198DFC-7C4C-4EFB-A0FA-9EE48E87A4A8}.Debug|Any CPU.ActiveCfg = Debug|Any CPU
		{48198DFC-7C4C-4EFB-A0FA-9EE48E87A4A8}.Debug|Any CPU.Build.0 = Debug|Any CPU
		{48198DFC-7C4C-4EFB-A0FA-9EE48E87A4A8}.Release|Any CPU.ActiveCfg = Release|Any CPU
		{48198DFC-7C4C-4EFB-A0FA-9EE48E87A4A8}.Release|Any CPU.Build.0 = Release|Any CPU
		{4F3BFF28-9DA4-45F2-BE39-9E2A5ED4A79F}.Debug|Any CPU.ActiveCfg = Debug|Any CPU
		{4F3BFF28-9DA4-45F2-BE39-9E2A5ED4A79F}.Debug|Any CPU.Build.0 = Debug|Any CPU
		{4F3BFF28-9DA4-45F2-BE39-9E2A5ED4A79F}.Release|Any CPU.ActiveCfg = Release|Any CPU
		{4F3BFF28-9DA4-45F2-BE39-9E2A5ED4A79F}.Release|Any CPU.Build.0 = Release|Any CPU
		{8A8EFB8C-329F-424C-9C19-9525204F95FF}.Debug|Any CPU.ActiveCfg = Debug|Any CPU
		{8A8EFB8C-329F-424C-9C19-9525204F95FF}.Debug|Any CPU.Build.0 = Debug|Any CPU
		{8A8EFB8C-329F-424C-9C19-9525204F95FF}.Release|Any CPU.ActiveCfg = Release|Any CPU
		{8A8EFB8C-329F-424C-9C19-9525204F95FF}.Release|Any CPU.Build.0 = Release|Any CPU
		{F1335808-5684-48BD-BCB2-EADAAAE55546}.Debug|Any CPU.ActiveCfg = Debug|Any CPU
		{F1335808-5684-48BD-BCB2-EADAAAE55546}.Debug|Any CPU.Build.0 = Debug|Any CPU
		{F1335808-5684-48BD-BCB2-EADAAAE55546}.Release|Any CPU.ActiveCfg = Release|Any CPU
		{F1335808-5684-48BD-BCB2-EADAAAE55546}.Release|Any CPU.Build.0 = Release|Any CPU
	EndGlobalSection
	GlobalSection(SolutionProperties) = preSolution
		HideSolutionNode = FALSE
	EndGlobalSection
	GlobalSection(NestedProjects) = preSolution
		{8A8EFB8C-329F-424C-9C19-9525204F95FF} = {8F922AA5-D309-42F9-9D4B-1309FF964769}
		{F1335808-5684-48BD-BCB2-EADAAAE55546} = {8F922AA5-D309-42F9-9D4B-1309FF964769}
	EndGlobalSection
	GlobalSection(ExtensibilityGlobals) = postSolution
		SolutionGuid = {E6E050E9-6344-4B76-853A-4DC31872DA3E}
	EndGlobalSection
EndGlobal
